
Microsoft Visual Studio Solution File, Format Version 12.00
# Visual Studio 15
Project("{FAE04EC0-301F-11D3-BF4B-00C04F79EFBC}") = "gansembli", "Assembly-CSharp.csproj", "{3F2B434F-49CB-8F86-DB42-8C7EFC2A926C}"
EndProject
Project("{FAE04EC0-301F-11D3-BF4B-00C04F79EFBC}") = "gansembli", "Assembly-CSharp-firstpass.csproj", "{F6E6FA8B-AD04-881F-CD7B-34E4504C5938}"
EndProject
Global
	GlobalSection(SolutionConfigurationPlatforms) = preSolution
		Debug|Any CPU = Debug|Any CPU
		Release|Any CPU = Release|Any CPU
	EndGlobalSection
	GlobalSection(ProjectConfigurationPlatforms) = postSolution
		{3F2B434F-49CB-8F86-DB42-8C7EFC2A926C}.Debug|Any CPU.ActiveCfg = Debug|Any CPU
		{3F2B434F-49CB-8F86-DB42-8C7EFC2A926C}.Debug|Any CPU.Build.0 = Debug|Any CPU
		{3F2B434F-49CB-8F86-DB42-8C7EFC2A926C}.Release|Any CPU.ActiveCfg = Release|Any CPU
		{3F2B434F-49CB-8F86-DB42-8C7EFC2A926C}.Release|Any CPU.Build.0 = Release|Any CPU
		{F6E6FA8B-AD04-881F-CD7B-34E4504C5938}.Debug|Any CPU.ActiveCfg = Debug|Any CPU
		{F6E6FA8B-AD04-881F-CD7B-34E4504C5938}.Debug|Any CPU.Build.0 = Debug|Any CPU
		{F6E6FA8B-AD04-881F-CD7B-34E4504C5938}.Release|Any CPU.ActiveCfg = Release|Any CPU
		{F6E6FA8B-AD04-881F-CD7B-34E4504C5938}.Release|Any CPU.Build.0 = Release|Any CPU
	EndGlobalSection
	GlobalSection(SolutionProperties) = preSolution
		HideSolutionNode = FALSE
	EndGlobalSection
EndGlobal
